
Microsoft Visual Studio Solution File, Format Version 12.00
# Visual Studio Version 17
VisualStudioVersion = 17.2.32526.322
MinimumVisualStudioVersion = 10.0.40219.1
Project("{FAE04EC0-301F-11D3-BF4B-00C04F79EFBC}") = "NumbersGame", "NumbersGame\NumbersGame.csproj", "{0828EEE0-30F5-443F-826F-B169785EEDE3}"
EndProject
Global
	GlobalSection(SolutionConfigurationPlatforms) = preSolution
		Debug|Any CPU = Debug|Any CPU
		Release|Any CPU = Release|Any CPU
	EndGlobalSection
	GlobalSection(ProjectConfigurationPlatforms) = postSolution
		{0828EEE0-30F5-443F-826F-B169785EEDE3}.Debug|Any CPU.ActiveCfg = Debug|Any CPU
		{0828EEE0-30F5-443F-826F-B169785EEDE3}.Debug|Any CPU.Build.0 = Debug|Any CPU
		{0828EEE0-30F5-443F-826F-B169785EEDE3}.Release|Any CPU.ActiveCfg = Release|Any CPU
		{0828EEE0-30F5-443F-826F-B169785EEDE3}.Release|Any CPU.Build.0 = Release|Any CPU
	EndGlobalSection
	GlobalSection(SolutionProperties) = preSolution
		HideSolutionNode = FALSE
	EndGlobalSection
	GlobalSection(ExtensibilityGlobals) = postSolution
		SolutionGuid = {161E9AA0-4BE3-44E2-9661-FA9B919803DD}
	EndGlobalSection
EndGlobal
